// !$*UTF8*$!
{
	archiveVersion = 1;
	classes = {
	};
	objectVersion = 56;
	objects = {

/* Begin PBXBuildFile section */
		494750382EE1E99700F0177D /* ButtonCustomizationSettings.swift in Sources */ = {isa = PBXBuildFile; fileRef = 494750362EE1E99700F0177D /* ButtonCustomizationSettings.swift */; };
		494750392EE1E99700F0177D /* ButtonCustomizationView.swift in Sources */ = {isa = PBXBuildFile; fileRef = 494750372EE1E99700F0177D /* ButtonCustomizationView.swift */; };
		496BC4D92ED8306E0092B9F8 /* PointCloud3DView.swift in Sources */ = {isa = PBXBuildFile; fileRef = 496BC4D82ED8306E0092B9F8 /* PointCloud3DView.swift */; };
		498FFF962ED51436003120C8 /* README.md in Resources */ = {isa = PBXBuildFile; fileRef = 498FFF952ED51436003120C8 /* README.md */; };
		498FFF9A2ED5145F003120C8 /* map-view.jpg in Resources */ = {isa = PBXBuildFile; fileRef = 498FFF982ED5145F003120C8 /* map-view.jpg */; };
		498FFF9B2ED5145F003120C8 /* front.jpg in Resources */ = {isa = PBXBuildFile; fileRef = 498FFF972ED5145F003120C8 /* front.jpg */; };
		498FFF9F2ED51477003120C8 /* PointCloud2Map.py in Resources */ = {isa = PBXBuildFile; fileRef = 498FFF9D2ED51477003120C8 /* PointCloud2Map.py */; };
		498FFFA02ED51477003120C8 /* point.ply in Resources */ = {isa = PBXBuildFile; fileRef = 498FFF9C2ED51477003120C8 /* point.ply */; };
		982268C22DA4873D00E9A5E3 /* cave_arrow.usdz in Resources */ = {isa = PBXBuildFile; fileRef = 982268C12DA4873D00E9A5E3 /* cave_arrow.usdz */; };
		982347B32CF06028007C87F7 /* SettingsView.swift in Sources */ = {isa = PBXBuildFile; fileRef = 982347B22CF06028007C87F7 /* SettingsView.swift */; };
		9852A60C2CEBBBDF000C2A15 /* cave_mapperApp.swift in Sources */ = {isa = PBXBuildFile; fileRef = 9852A60B2CEBBBDF000C2A15 /* cave_mapperApp.swift */; };
		9852A60E2CEBBBDF000C2A15 /* ContentView.swift in Sources */ = {isa = PBXBuildFile; fileRef = 9852A60D2CEBBBDF000C2A15 /* ContentView.swift */; };
		9852A6102CEBBBE0000C2A15 /* Assets.xcassets in Resources */ = {isa = PBXBuildFile; fileRef = 9852A60F2CEBBBE0000C2A15 /* Assets.xcassets */; };
		9852A6132CEBBBE0000C2A15 /* Preview Assets.xcassets in Resources */ = {isa = PBXBuildFile; fileRef = 9852A6122CEBBBE0000C2A15 /* Preview Assets.xcassets */; };
		9852A61D2CEBBBE0000C2A15 /* cave_mapperTests.swift in Sources */ = {isa = PBXBuildFile; fileRef = 9852A61C2CEBBBE0000C2A15 /* cave_mapperTests.swift */; };
		9852A6272CEBBBE0000C2A15 /* cave_mapperUITests.swift in Sources */ = {isa = PBXBuildFile; fileRef = 9852A6262CEBBBE0000C2A15 /* cave_mapperUITests.swift */; };
		9852A6292CEBBBE0000C2A15 /* cave_mapperUITestsLaunchTests.swift in Sources */ = {isa = PBXBuildFile; fileRef = 9852A6282CEBBBE0000C2A15 /* cave_mapperUITestsLaunchTests.swift */; };
		9886EDD12D63E61A00EF570D /* CameraView.swift in Sources */ = {isa = PBXBuildFile; fileRef = 9886EDD02D63E61A00EF570D /* CameraView.swift */; };
		988743122DE767A300C54C44 /* Point3D 2.swift in Sources */ = {isa = PBXBuildFile; fileRef = 988743112DE767A300C54C44 /* Point3D 2.swift */; };
		989B57642CED22B700E46076 /* NorthOrientedMapView.swift in Sources */ = {isa = PBXBuildFile; fileRef = 989B57632CED22B700E46076 /* NorthOrientedMapView.swift */; };
		989B57672CEE504500E46076 /* SaveDataView.swift in Sources */ = {isa = PBXBuildFile; fileRef = 989B57662CEE504500E46076 /* SaveDataView.swift */; };
		989B57692CEE719100E46076 /* DataManager.swift in Sources */ = {isa = PBXBuildFile; fileRef = 989B57682CEE719100E46076 /* DataManager.swift */; };
		98E5E9002D9C8B3900B5607B /* MagnetometerViewModel 2.swift in Sources */ = {isa = PBXBuildFile; fileRef = 98E5E8FF2D9C8B3900B5607B /* MagnetometerViewModel 2.swift */; };
		98E5E9022D9C8B8200B5607B /* VisualMapper.swift in Sources */ = {isa = PBXBuildFile; fileRef = 98E5E9012D9C8B8200B5607B /* VisualMapper.swift */; };
/* End PBXBuildFile section */

/* Begin PBXContainerItemProxy section */
		9852A6192CEBBBE0000C2A15 /* PBXContainerItemProxy */ = {
			isa = PBXContainerItemProxy;
			containerPortal = 9852A6002CEBBBDF000C2A15 /* Project object */;
			proxyType = 1;
			remoteGlobalIDString = 9852A6072CEBBBDF000C2A15;
			remoteInfo = "cave-mapper";
		};
		9852A6232CEBBBE0000C2A15 /* PBXContainerItemProxy */ = {
			isa = PBXContainerItemProxy;
			containerPortal = 9852A6002CEBBBDF000C2A15 /* Project object */;
			proxyType = 1;
			remoteGlobalIDString = 9852A6072CEBBBDF000C2A15;
			remoteInfo = "cave-mapper";
		};
/* End PBXContainerItemProxy section */

/* Begin PBXFileReference section */
		494750362EE1E99700F0177D /* ButtonCustomizationSettings.swift */ = {isa = PBXFileReference; lastKnownFileType = sourcecode.swift; path = ButtonCustomizationSettings.swift; sourceTree = "<group>"; };
		494750372EE1E99700F0177D /* ButtonCustomizationView.swift */ = {isa = PBXFileReference; lastKnownFileType = sourcecode.swift; path = ButtonCustomizationView.swift; sourceTree = "<group>"; };
		496BC4D82ED8306E0092B9F8 /* PointCloud3DView.swift */ = {isa = PBXFileReference; lastKnownFileType = sourcecode.swift; path = PointCloud3DView.swift; sourceTree = "<group>"; };
		498FFF952ED51436003120C8 /* README.md */ = {isa = PBXFileReference; lastKnownFileType = net.daringfireball.markdown; path = README.md; sourceTree = "<group>"; };
		498FFF972ED5145F003120C8 /* front.jpg */ = {isa = PBXFileReference; lastKnownFileType = image.jpeg; path = front.jpg; sourceTree = "<group>"; };
		498FFF982ED5145F003120C8 /* map-view.jpg */ = {isa = PBXFileReference; lastKnownFileType = image.jpeg; path = "map-view.jpg"; sourceTree = "<group>"; };
		498FFF9C2ED51477003120C8 /* point.ply */ = {isa = PBXFileReference; lastKnownFileType = text; path = point.ply; sourceTree = "<group>"; };
		498FFF9D2ED51477003120C8 /* PointCloud2Map.py */ = {isa = PBXFileReference; lastKnownFileType = text.script.python; path = PointCloud2Map.py; sourceTree = "<group>"; };
		982268C12DA4873D00E9A5E3 /* cave_arrow.usdz */ = {isa = PBXFileReference; lastKnownFileType = file; path = cave_arrow.usdz; sourceTree = "<group>"; };
		982347B22CF06028007C87F7 /* SettingsView.swift */ = {isa = PBXFileReference; lastKnownFileType = sourcecode.swift; path = SettingsView.swift; sourceTree = "<group>"; };
		9852A6082CEBBBDF000C2A15 /* cave-mapper.app */ = {isa = PBXFileReference; explicitFileType = wrapper.application; includeInIndex = 0; path = "cave-mapper.app"; sourceTree = BUILT_PRODUCTS_DIR; };
		9852A60B2CEBBBDF000C2A15 /* cave_mapperApp.swift */ = {isa = PBXFileReference; lastKnownFileType = sourcecode.swift; path = cave_mapperApp.swift; sourceTree = "<group>"; };
		9852A60D2CEBBBDF000C2A15 /* ContentView.swift */ = {isa = PBXFileReference; lastKnownFileType = sourcecode.swift; path = ContentView.swift; sourceTree = "<group>"; };
		9852A60F2CEBBBE0000C2A15 /* Assets.xcassets */ = {isa = PBXFileReference; lastKnownFileType = folder.assetcatalog; path = Assets.xcassets; sourceTree = "<group>"; };
		9852A6122CEBBBE0000C2A15 /* Preview Assets.xcassets */ = {isa = PBXFileReference; lastKnownFileType = folder.assetcatalog; path = "Preview Assets.xcassets"; sourceTree = "<group>"; };
		9852A6182CEBBBE0000C2A15 /* cave-mapperTests.xctest */ = {isa = PBXFileReference; explicitFileType = wrapper.cfbundle; includeInIndex = 0; path = "cave-mapperTests.xctest"; sourceTree = BUILT_PRODUCTS_DIR; };
		9852A61C2CEBBBE0000C2A15 /* cave_mapperTests.swift */ = {isa = PBXFileReference; lastKnownFileType = sourcecode.swift; path = cave_mapperTests.swift; sourceTree = "<group>"; };
		9852A6222CEBBBE0000C2A15 /* cave-mapperUITests.xctest */ = {isa = PBXFileReference; explicitFileType = wrapper.cfbundle; includeInIndex = 0; path = "cave-mapperUITests.xctest"; sourceTree = BUILT_PRODUCTS_DIR; };
		9852A6262CEBBBE0000C2A15 /* cave_mapperUITests.swift */ = {isa = PBXFileReference; lastKnownFileType = sourcecode.swift; path = cave_mapperUITests.swift; sourceTree = "<group>"; };
		9852A6282CEBBBE0000C2A15 /* cave_mapperUITestsLaunchTests.swift */ = {isa = PBXFileReference; lastKnownFileType = sourcecode.swift; path = cave_mapperUITestsLaunchTests.swift; sourceTree = "<group>"; };
		9886EDD02D63E61A00EF570D /* CameraView.swift */ = {isa = PBXFileReference; lastKnownFileType = sourcecode.swift; path = CameraView.swift; sourceTree = "<group>"; };
		988743112DE767A300C54C44 /* Point3D 2.swift */ = {isa = PBXFileReference; lastKnownFileType = sourcecode.swift; path = "Point3D 2.swift"; sourceTree = "<group>"; };
		989B57632CED22B700E46076 /* NorthOrientedMapView.swift */ = {isa = PBXFileReference; lastKnownFileType = sourcecode.swift; path = NorthOrientedMapView.swift; sourceTree = "<group>"; };
		989B57652CED2B4B00E46076 /* Info.plist */ = {isa = PBXFileReference; lastKnownFileType = text.plist; path = Info.plist; sourceTree = "<group>"; };
		989B57662CEE504500E46076 /* SaveDataView.swift */ = {isa = PBXFileReference; lastKnownFileType = sourcecode.swift; path = SaveDataView.swift; sourceTree = "<group>"; };
		989B57682CEE719100E46076 /* DataManager.swift */ = {isa = PBXFileReference; lastKnownFileType = sourcecode.swift; path = DataManager.swift; sourceTree = "<group>"; };
		98E5E8FF2D9C8B3900B5607B /* MagnetometerViewModel 2.swift */ = {isa = PBXFileReference; lastKnownFileType = sourcecode.swift; path = "MagnetometerViewModel 2.swift"; sourceTree = "<group>"; };
		98E5E9012D9C8B8200B5607B /* VisualMapper.swift */ = {isa = PBXFileReference; lastKnownFileType = sourcecode.swift; path = VisualMapper.swift; sourceTree = "<group>"; };
/* End PBXFileReference section */

/* Begin PBXFrameworksBuildPhase section */
		9852A6052CEBBBDF000C2A15 /* Frameworks */ = {
			isa = PBXFrameworksBuildPhase;
			buildActionMask = 2147483647;
			files = (
			);
			runOnlyForDeploymentPostprocessing = 0;
		};
		9852A6152CEBBBE0000C2A15 /* Frameworks */ = {
			isa = PBXFrameworksBuildPhase;
			buildActionMask = 2147483647;
			files = (
			);
			runOnlyForDeploymentPostprocessing = 0;
		};
		9852A61F2CEBBBE0000C2A15 /* Frameworks */ = {
			isa = PBXFrameworksBuildPhase;
			buildActionMask = 2147483647;
			files = (
			);
			runOnlyForDeploymentPostprocessing = 0;
		};
/* End PBXFrameworksBuildPhase section */

/* Begin PBXGroup section */
		498FFF992ED5145F003120C8 /* Manual */ = {
			isa = PBXGroup;
			children = (
				498FFF972ED5145F003120C8 /* front.jpg */,
				498FFF982ED5145F003120C8 /* map-view.jpg */,
			);
			path = Manual;
			sourceTree = "<group>";
		};
		498FFF9E2ED51477003120C8 /* tools */ = {
			isa = PBXGroup;
			children = (
				498FFF9C2ED51477003120C8 /* point.ply */,
				498FFF9D2ED51477003120C8 /* PointCloud2Map.py */,
			);
			path = tools;
			sourceTree = "<group>";
		};
		982268BC2DA4820C00E9A5E3 /* 3d assets */ = {
			isa = PBXGroup;
			children = (
				982268C12DA4873D00E9A5E3 /* cave_arrow.usdz */,
			);
			path = "3d assets";
			sourceTree = "<group>";
		};
		9852A5FF2CEBBBDF000C2A15 = {
			isa = PBXGroup;
			children = (
				9852A60A2CEBBBDF000C2A15 /* cave-mapper */,
				9852A61B2CEBBBE0000C2A15 /* cave-mapperTests */,
				9852A6252CEBBBE0000C2A15 /* cave-mapperUITests */,
				9852A6092CEBBBDF000C2A15 /* Products */,
			);
			sourceTree = "<group>";
		};
		9852A6092CEBBBDF000C2A15 /* Products */ = {
			isa = PBXGroup;
			children = (
				9852A6082CEBBBDF000C2A15 /* cave-mapper.app */,
				9852A6182CEBBBE0000C2A15 /* cave-mapperTests.xctest */,
				9852A6222CEBBBE0000C2A15 /* cave-mapperUITests.xctest */,
			);
			name = Products;
			sourceTree = "<group>";
		};
		9852A60A2CEBBBDF000C2A15 /* cave-mapper */ = {
			isa = PBXGroup;
			children = (
				989B57652CED2B4B00E46076 /* Info.plist */,
				989B57632CED22B700E46076 /* NorthOrientedMapView.swift */,
				9852A60B2CEBBBDF000C2A15 /* cave_mapperApp.swift */,
				98E5E9012D9C8B8200B5607B /* VisualMapper.swift */,
				988743112DE767A300C54C44 /* Point3D 2.swift */,
				9852A60D2CEBBBDF000C2A15 /* ContentView.swift */,
				98E5E8FF2D9C8B3900B5607B /* MagnetometerViewModel 2.swift */,
				989B57682CEE719100E46076 /* DataManager.swift */,
				982347B22CF06028007C87F7 /* SettingsView.swift */,
				494750362EE1E99700F0177D /* ButtonCustomizationSettings.swift */,
				494750372EE1E99700F0177D /* ButtonCustomizationView.swift */,
				9886EDD02D63E61A00EF570D /* CameraView.swift */,
				498FFF9E2ED51477003120C8 /* tools */,
				498FFF992ED5145F003120C8 /* Manual */,
				989B57662CEE504500E46076 /* SaveDataView.swift */,
				498FFF952ED51436003120C8 /* README.md */,
				9852A60F2CEBBBE0000C2A15 /* Assets.xcassets */,
				982268BC2DA4820C00E9A5E3 /* 3d assets */,
				9852A6112CEBBBE0000C2A15 /* Preview Content */,
				496BC4D82ED8306E0092B9F8 /* PointCloud3DView.swift */,
			);
			path = "cave-mapper";
			sourceTree = "<group>";
		};
		9852A6112CEBBBE0000C2A15 /* Preview Content */ = {
			isa = PBXGroup;
			children = (
				9852A6122CEBBBE0000C2A15 /* Preview Assets.xcassets */,
			);
			path = "Preview Content";
			sourceTree = "<group>";
		};
		9852A61B2CEBBBE0000C2A15 /* cave-mapperTests */ = {
			isa = PBXGroup;
			children = (
				9852A61C2CEBBBE0000C2A15 /* cave_mapperTests.swift */,
			);
			path = "cave-mapperTests";
			sourceTree = "<group>";
		};
		9852A6252CEBBBE0000C2A15 /* cave-mapperUITests */ = {
			isa = PBXGroup;
			children = (
				9852A6262CEBBBE0000C2A15 /* cave_mapperUITests.swift */,
				9852A6282CEBBBE0000C2A15 /* cave_mapperUITestsLaunchTests.swift */,
			);
			path = "cave-mapperUITests";
			sourceTree = "<group>";
		};
/* End PBXGroup section */

/* Begin PBXNativeTarget section */
		9852A6072CEBBBDF000C2A15 /* cave-mapper */ = {
			isa = PBXNativeTarget;
			buildConfigurationList = 9852A62C2CEBBBE0000C2A15 /* Build configuration list for PBXNativeTarget "cave-mapper" */;
			buildPhases = (
				9852A6042CEBBBDF000C2A15 /* Sources */,
				9852A6052CEBBBDF000C2A15 /* Frameworks */,
				9852A6062CEBBBDF000C2A15 /* Resources */,
			);
			buildRules = (
			);
			dependencies = (
			);
			name = "cave-mapper";
			productName = "cave-mapper";
			productReference = 9852A6082CEBBBDF000C2A15 /* cave-mapper.app */;
			productType = "com.apple.product-type.application";
		};
		9852A6172CEBBBE0000C2A15 /* cave-mapperTests */ = {
			isa = PBXNativeTarget;
			buildConfigurationList = 9852A62F2CEBBBE0000C2A15 /* Build configuration list for PBXNativeTarget "cave-mapperTests" */;
			buildPhases = (
				9852A6142CEBBBE0000C2A15 /* Sources */,
				9852A6152CEBBBE0000C2A15 /* Frameworks */,
				9852A6162CEBBBE0000C2A15 /* Resources */,
			);
			buildRules = (
			);
			dependencies = (
				9852A61A2CEBBBE0000C2A15 /* PBXTargetDependency */,
			);
			name = "cave-mapperTests";
			productName = "cave-mapperTests";
			productReference = 9852A6182CEBBBE0000C2A15 /* cave-mapperTests.xctest */;
			productType = "com.apple.product-type.bundle.unit-test";
		};
		9852A6212CEBBBE0000C2A15 /* cave-mapperUITests */ = {
			isa = PBXNativeTarget;
			buildConfigurationList = 9852A6322CEBBBE0000C2A15 /* Build configuration list for PBXNativeTarget "cave-mapperUITests" */;
			buildPhases = (
				9852A61E2CEBBBE0000C2A15 /* Sources */,
				9852A61F2CEBBBE0000C2A15 /* Frameworks */,
				9852A6202CEBBBE0000C2A15 /* Resources */,
			);
			buildRules = (
			);
			dependencies = (
				9852A6242CEBBBE0000C2A15 /* PBXTargetDependency */,
			);
			name = "cave-mapperUITests";
			productName = "cave-mapperUITests";
			productReference = 9852A6222CEBBBE0000C2A15 /* cave-mapperUITests.xctest */;
			productType = "com.apple.product-type.bundle.ui-testing";
		};
/* End PBXNativeTarget section */

/* Begin PBXProject section */
		9852A6002CEBBBDF000C2A15 /* Project object */ = {
			isa = PBXProject;
			attributes = {
				BuildIndependentTargetsInParallel = 1;
				LastSwiftUpdateCheck = 1430;
				LastUpgradeCheck = 2610;
				TargetAttributes = {
					9852A6072CEBBBDF000C2A15 = {
						CreatedOnToolsVersion = 14.3.1;
					};
					9852A6172CEBBBE0000C2A15 = {
						CreatedOnToolsVersion = 14.3.1;
						TestTargetID = 9852A6072CEBBBDF000C2A15;
					};
					9852A6212CEBBBE0000C2A15 = {
						CreatedOnToolsVersion = 14.3.1;
						TestTargetID = 9852A6072CEBBBDF000C2A15;
					};
				};
			};
			buildConfigurationList = 9852A6032CEBBBDF000C2A15 /* Build configuration list for PBXProject "cave-mapper" */;
			compatibilityVersion = "Xcode 14.0";
			developmentRegion = en;
			hasScannedForEncodings = 0;
			knownRegions = (
				en,
				Base,
			);
			mainGroup = 9852A5FF2CEBBBDF000C2A15;
			productRefGroup = 9852A6092CEBBBDF000C2A15 /* Products */;
			projectDirPath = "";
			projectRoot = "";
			targets = (
				9852A6072CEBBBDF000C2A15 /* cave-mapper */,
				9852A6172CEBBBE0000C2A15 /* cave-mapperTests */,
				9852A6212CEBBBE0000C2A15 /* cave-mapperUITests */,
			);
		};
/* End PBXProject section */

/* Begin PBXResourcesBuildPhase section */
		9852A6062CEBBBDF000C2A15 /* Resources */ = {
			isa = PBXResourcesBuildPhase;
			buildActionMask = 2147483647;
			files = (
				9852A6132CEBBBE0000C2A15 /* Preview Assets.xcassets in Resources */,
				982268C22DA4873D00E9A5E3 /* cave_arrow.usdz in Resources */,
				498FFF9F2ED51477003120C8 /* PointCloud2Map.py in Resources */,
				498FFFA02ED51477003120C8 /* point.ply in Resources */,
				498FFF9A2ED5145F003120C8 /* map-view.jpg in Resources */,
				498FFF9B2ED5145F003120C8 /* front.jpg in Resources */,
				498FFF962ED51436003120C8 /* README.md in Resources */,
				9852A6102CEBBBE0000C2A15 /* Assets.xcassets in Resources */,
			);
			runOnlyForDeploymentPostprocessing = 0;
		};
		9852A6162CEBBBE0000C2A15 /* Resources */ = {
			isa = PBXResourcesBuildPhase;
			buildActionMask = 2147483647;
			files = (
			);
			runOnlyForDeploymentPostprocessing = 0;
		};
		9852A6202CEBBBE0000C2A15 /* Resources */ = {
			isa = PBXResourcesBuildPhase;
			buildActionMask = 2147483647;
			files = (
			);
			runOnlyForDeploymentPostprocessing = 0;
		};
/* End PBXResourcesBuildPhase section */

/* Begin PBXSourcesBuildPhase section */
		9852A6042CEBBBDF000C2A15 /* Sources */ = {
			isa = PBXSourcesBuildPhase;
			buildActionMask = 2147483647;
			files = (
				98E5E9022D9C8B8200B5607B /* VisualMapper.swift in Sources */,
				982347B32CF06028007C87F7 /* SettingsView.swift in Sources */,
				494750382EE1E99700F0177D /* ButtonCustomizationSettings.swift in Sources */,
				494750392EE1E99700F0177D /* ButtonCustomizationView.swift in Sources */,
				989B57692CEE719100E46076 /* DataManager.swift in Sources */,
				9852A60E2CEBBBDF000C2A15 /* ContentView.swift in Sources */,
				988743122DE767A300C54C44 /* Point3D 2.swift in Sources */,
				9852A60C2CEBBBDF000C2A15 /* cave_mapperApp.swift in Sources */,
				989B57672CEE504500E46076 /* SaveDataView.swift in Sources */,
				989B57642CED22B700E46076 /* NorthOrientedMapView.swift in Sources */,
				496BC4D92ED8306E0092B9F8 /* PointCloud3DView.swift in Sources */,
				9886EDD12D63E61A00EF570D /* CameraView.swift in Sources */,
				98E5E9002D9C8B3900B5607B /* MagnetometerViewModel 2.swift in Sources */,
			);
			runOnlyForDeploymentPostprocessing = 0;
		};
		9852A6142CEBBBE0000C2A15 /* Sources */ = {
			isa = PBXSourcesBuildPhase;
			buildActionMask = 2147483647;
			files = (
				9852A61D2CEBBBE0000C2A15 /* cave_mapperTests.swift in Sources */,
			);
			runOnlyForDeploymentPostprocessing = 0;
		};
		9852A61E2CEBBBE0000C2A15 /* Sources */ = {
			isa = PBXSourcesBuildPhase;
			buildActionMask = 2147483647;
			files = (
				9852A6292CEBBBE0000C2A15 /* cave_mapperUITestsLaunchTests.swift in Sources */,
				9852A6272CEBBBE0000C2A15 /* cave_mapperUITests.swift in Sources */,
			);
			runOnlyForDeploymentPostprocessing = 0;
		};
/* End PBXSourcesBuildPhase section */

/* Begin PBXTargetDependency section */
		9852A61A2CEBBBE0000C2A15 /* PBXTargetDependency */ = {
			isa = PBXTargetDependency;
			target = 9852A6072CEBBBDF000C2A15 /* cave-mapper */;
			targetProxy = 9852A6192CEBBBE0000C2A15 /* PBXContainerItemProxy */;
		};
		9852A6242CEBBBE0000C2A15 /* PBXTargetDependency */ = {
			isa = PBXTargetDependency;
			target = 9852A6072CEBBBDF000C2A15 /* cave-mapper */;
			targetProxy = 9852A6232CEBBBE0000C2A15 /* PBXContainerItemProxy */;
		};
/* End PBXTargetDependency section */

/* Begin XCBuildConfiguration section */
		9852A62A2CEBBBE0000C2A15 /* Debug */ = {
			isa = XCBuildConfiguration;
			buildSettings = {
				ALWAYS_SEARCH_USER_PATHS = NO;
				CLANG_ANALYZER_NONNULL = YES;
				CLANG_ANALYZER_NUMBER_OBJECT_CONVERSION = YES_AGGRESSIVE;
				CLANG_CXX_LANGUAGE_STANDARD = "gnu++20";
				CLANG_ENABLE_MODULES = YES;
				CLANG_ENABLE_OBJC_ARC = YES;
				CLANG_ENABLE_OBJC_WEAK = YES;
				CLANG_WARN_BLOCK_CAPTURE_AUTORELEASING = YES;
				CLANG_WARN_BOOL_CONVERSION = YES;
				CLANG_WARN_COMMA = YES;
				CLANG_WARN_CONSTANT_CONVERSION = YES;
				CLANG_WARN_DEPRECATED_OBJC_IMPLEMENTATIONS = YES;
				CLANG_WARN_DIRECT_OBJC_ISA_USAGE = YES_ERROR;
				CLANG_WARN_DOCUMENTATION_COMMENTS = YES;
				CLANG_WARN_EMPTY_BODY = YES;
				CLANG_WARN_ENUM_CONVERSION = YES;
				CLANG_WARN_INFINITE_RECURSION = YES;
				CLANG_WARN_INT_CONVERSION = YES;
				CLANG_WARN_NON_LITERAL_NULL_CONVERSION = YES;
				CLANG_WARN_OBJC_IMPLICIT_RETAIN_SELF = YES;
				CLANG_WARN_OBJC_LITERAL_CONVERSION = YES;
				CLANG_WARN_OBJC_ROOT_CLASS = YES_ERROR;
				CLANG_WARN_QUOTED_INCLUDE_IN_FRAMEWORK_HEADER = YES;
				CLANG_WARN_RANGE_LOOP_ANALYSIS = YES;
				CLANG_WARN_STRICT_PROTOTYPES = YES;
				CLANG_WARN_SUSPICIOUS_MOVE = YES;
				CLANG_WARN_UNGUARDED_AVAILABILITY = YES_AGGRESSIVE;
				CLANG_WARN_UNREACHABLE_CODE = YES;
				CLANG_WARN__DUPLICATE_METHOD_MATCH = YES;
				COPY_PHASE_STRIP = NO;
				DEBUG_INFORMATION_FORMAT = dwarf;
				ENABLE_STRICT_OBJC_MSGSEND = YES;
				ENABLE_TESTABILITY = YES;
				ENABLE_USER_SCRIPT_SANDBOXING = YES;
				GCC_C_LANGUAGE_STANDARD = gnu11;
				GCC_DYNAMIC_NO_PIC = NO;
				GCC_NO_COMMON_BLOCKS = YES;
				GCC_OPTIMIZATION_LEVEL = 0;
				GCC_PREPROCESSOR_DEFINITIONS = (
					"DEBUG=1",
					"$(inherited)",
				);
				GCC_WARN_64_TO_32_BIT_CONVERSION = YES;
				GCC_WARN_ABOUT_RETURN_TYPE = YES_ERROR;
				GCC_WARN_UNDECLARED_SELECTOR = YES;
				GCC_WARN_UNINITIALIZED_AUTOS = YES_AGGRESSIVE;
				GCC_WARN_UNUSED_FUNCTION = YES;
				GCC_WARN_UNUSED_VARIABLE = YES;
				IPHONEOS_DEPLOYMENT_TARGET = 18.0;
				MTL_ENABLE_DEBUG_INFO = INCLUDE_SOURCE;
				MTL_FAST_MATH = YES;
				ONLY_ACTIVE_ARCH = YES;
				SDKROOT = iphoneos;
				STRING_CATALOG_GENERATE_SYMBOLS = YES;
				SWIFT_ACTIVE_COMPILATION_CONDITIONS = DEBUG;
				SWIFT_OPTIMIZATION_LEVEL = "-Onone";
			};
			name = Debug;
		};
		9852A62B2CEBBBE0000C2A15 /* Release */ = {
			isa = XCBuildConfiguration;
			buildSettings = {
				ALWAYS_SEARCH_USER_PATHS = NO;
				CLANG_ANALYZER_NONNULL = YES;
				CLANG_ANALYZER_NUMBER_OBJECT_CONVERSION = YES_AGGRESSIVE;
				CLANG_CXX_LANGUAGE_STANDARD = "gnu++20";
				CLANG_ENABLE_MODULES = YES;
				CLANG_ENABLE_OBJC_ARC = YES;
				CLANG_ENABLE_OBJC_WEAK = YES;
				CLANG_WARN_BLOCK_CAPTURE_AUTORELEASING = YES;
				CLANG_WARN_BOOL_CONVERSION = YES;
				CLANG_WARN_COMMA = YES;
				CLANG_WARN_CONSTANT_CONVERSION = YES;
				CLANG_WARN_DEPRECATED_OBJC_IMPLEMENTATIONS = YES;
				CLANG_WARN_DIRECT_OBJC_ISA_USAGE = YES_ERROR;
				CLANG_WARN_DOCUMENTATION_COMMENTS = YES;
				CLANG_WARN_EMPTY_BODY = YES;
				CLANG_WARN_ENUM_CONVERSION = YES;
				CLANG_WARN_INFINITE_RECURSION = YES;
				CLANG_WARN_INT_CONVERSION = YES;
				CLANG_WARN_NON_LITERAL_NULL_CONVERSION = YES;
				CLANG_WARN_OBJC_IMPLICIT_RETAIN_SELF = YES;
				CLANG_WARN_OBJC_LITERAL_CONVERSION = YES;
				CLANG_WARN_OBJC_ROOT_CLASS = YES_ERROR;
				CLANG_WARN_QUOTED_INCLUDE_IN_FRAMEWORK_HEADER = YES;
				CLANG_WARN_RANGE_LOOP_ANALYSIS = YES;
				CLANG_WARN_STRICT_PROTOTYPES = YES;
				CLANG_WARN_SUSPICIOUS_MOVE = YES;
				CLANG_WARN_UNGUARDED_AVAILABILITY = YES_AGGRESSIVE;
				CLANG_WARN_UNREACHABLE_CODE = YES;
				CLANG_WARN__DUPLICATE_METHOD_MATCH = YES;
				COPY_PHASE_STRIP = NO;
				DEBUG_INFORMATION_FORMAT = "dwarf-with-dsym";
				ENABLE_NS_ASSERTIONS = NO;
				ENABLE_STRICT_OBJC_MSGSEND = YES;
				ENABLE_USER_SCRIPT_SANDBOXING = YES;
				GCC_C_LANGUAGE_STANDARD = gnu11;
				GCC_NO_COMMON_BLOCKS = YES;
				GCC_WARN_64_TO_32_BIT_CONVERSION = YES;
				GCC_WARN_ABOUT_RETURN_TYPE = YES_ERROR;
				GCC_WARN_UNDECLARED_SELECTOR = YES;
				GCC_WARN_UNINITIALIZED_AUTOS = YES_AGGRESSIVE;
				GCC_WARN_UNUSED_FUNCTION = YES;
				GCC_WARN_UNUSED_VARIABLE = YES;
				IPHONEOS_DEPLOYMENT_TARGET = 18.0;
				MTL_ENABLE_DEBUG_INFO = NO;
				MTL_FAST_MATH = YES;
				SDKROOT = iphoneos;
				STRING_CATALOG_GENERATE_SYMBOLS = YES;
				SWIFT_COMPILATION_MODE = wholemodule;
				SWIFT_OPTIMIZATION_LEVEL = "-O";
				VALIDATE_PRODUCT = YES;
			};
			name = Release;
		};
		9852A62D2CEBBBE0000C2A15 /* Debug */ = {
			isa = XCBuildConfiguration;
			buildSettings = {
				ASSETCATALOG_COMPILER_APPICON_NAME = AppIcon;
				ASSETCATALOG_COMPILER_GLOBAL_ACCENT_COLOR_NAME = AccentColor;
				CODE_SIGN_STYLE = Automatic;
				CURRENT_PROJECT_VERSION = 3;
				DEVELOPMENT_ASSET_PATHS = "\"cave-mapper/Preview Content\"";
				DEVELOPMENT_TEAM = 6KXQYJR2YC;
				ENABLE_PREVIEWS = YES;
				GENERATE_INFOPLIST_FILE = YES;
				INFOPLIST_FILE = "cave-mapper/Info.plist";
				INFOPLIST_KEY_LSApplicationCategoryType = "public.app-category.education";
				INFOPLIST_KEY_LSSupportsOpeningDocumentsInPlace = YES;
				INFOPLIST_KEY_NSBluetoothAlwaysUsageDescription = "Needed to connect to BLE sonar device";
				INFOPLIST_KEY_NSBluetoothPeripheralUsageDescription = "Needed to communicate with BLE sonar device";
				INFOPLIST_KEY_NSCameraUsageDescription = "The app needs camera access so the user can take photos on reference points along the survey. Each photo is saved in the gallery with embedded survey data.";
				INFOPLIST_KEY_NSLocationWhenInUseUsageDescription = "Used for measuring rotations on a magnet wheel for distance with the magnetometer sernsor";
				INFOPLIST_KEY_NSMicrophoneUsageDescription = "We need access to microphone to use audio based odometer. ( detecting the wheel's rotation using a ratchet based clicker )";
				INFOPLIST_KEY_NSPhotoLibraryAddUsageDescription = "We need to be able to save the photos from the survey to the gallery.";
				INFOPLIST_KEY_NSPhotoLibraryUsageDescription = "This app requires access to your photo library to display your photos.";
				INFOPLIST_KEY_UIApplicationSceneManifest_Generation = YES;
				INFOPLIST_KEY_UIApplicationSupportsIndirectInputEvents = YES;
				INFOPLIST_KEY_UILaunchScreen_Generation = YES;
				INFOPLIST_KEY_UIRequiresFullScreen = YES;
				INFOPLIST_KEY_UIStatusBarStyle = "";
				INFOPLIST_KEY_UISupportedInterfaceOrientations = UIInterfaceOrientationPortrait;
				IPHONEOS_DEPLOYMENT_TARGET = 18.0;
				LD_RUNPATH_SEARCH_PATHS = (
					"$(inherited)",
					"@executable_path/Frameworks",
				);
				MARKETING_VERSION = 1.6;
				PRODUCT_BUNDLE_IDENTIFIER = CaveDiveMap;
				PRODUCT_NAME = "$(TARGET_NAME)";
				SUPPORTED_PLATFORMS = "iphoneos iphonesimulator";
				SUPPORTS_MACCATALYST = NO;
				SUPPORTS_MAC_DESIGNED_FOR_IPHONE_IPAD = NO;
				SUPPORTS_XR_DESIGNED_FOR_IPHONE_IPAD = NO;
				SWIFT_EMIT_LOC_STRINGS = YES;
				SWIFT_VERSION = 5.0;
				TARGETED_DEVICE_FAMILY = 1;
			};
			name = Debug;
		};
		9852A62E2CEBBBE0000C2A15 /* Release */ = {
			isa = XCBuildConfiguration;
			buildSettings = {
				ASSETCATALOG_COMPILER_APPICON_NAME = AppIcon;
				ASSETCATALOG_COMPILER_GLOBAL_ACCENT_COLOR_NAME = AccentColor;
				CODE_SIGN_STYLE = Automatic;
				CURRENT_PROJECT_VERSION = 3;
				DEVELOPMENT_ASSET_PATHS = "\"cave-mapper/Preview Content\"";
				DEVELOPMENT_TEAM = 6KXQYJR2YC;
				ENABLE_PREVIEWS = YES;
				GENERATE_INFOPLIST_FILE = YES;
				INFOPLIST_FILE = "cave-mapper/Info.plist";
				INFOPLIST_KEY_LSApplicationCategoryType = "public.app-category.education";
				INFOPLIST_KEY_LSSupportsOpeningDocumentsInPlace = YES;
				INFOPLIST_KEY_NSBluetoothAlwaysUsageDescription = "Needed to connect to BLE sonar device";
				INFOPLIST_KEY_NSBluetoothPeripheralUsageDescription = "Needed to communicate with BLE sonar device";
				INFOPLIST_KEY_NSCameraUsageDescription = "The app needs camera access so the user can take photos on reference points along the survey. Each photo is saved in the gallery with embedded survey data.";
				INFOPLIST_KEY_NSLocationWhenInUseUsageDescription = "Used for measuring rotations on a magnet wheel for distance with the magnetometer sernsor";
				INFOPLIST_KEY_NSMicrophoneUsageDescription = "We need access to microphone to use audio based odometer. ( detecting the wheel's rotation using a ratchet based clicker )";
				INFOPLIST_KEY_NSPhotoLibraryAddUsageDescription = "We need to be able to save the photos from the survey to the gallery.";
				INFOPLIST_KEY_NSPhotoLibraryUsageDescription = "This app requires access to your photo library to display your photos.";
				INFOPLIST_KEY_UIApplicationSceneManifest_Generation = YES;
				INFOPLIST_KEY_UIApplicationSupportsIndirectInputEvents = YES;
				INFOPLIST_KEY_UILaunchScreen_Generation = YES;
				INFOPLIST_KEY_UIRequiresFullScreen = YES;
				INFOPLIST_KEY_UIStatusBarStyle = "";
				INFOPLIST_KEY_UISupportedInterfaceOrientations = UIInterfaceOrientationPortrait;
				IPHONEOS_DEPLOYMENT_TARGET = 18.0;
				LD_RUNPATH_SEARCH_PATHS = (
					"$(inherited)",
					"@executable_path/Frameworks",
				);
				MARKETING_VERSION = 1.6;
				PRODUCT_BUNDLE_IDENTIFIER = CaveDiveMap;
				PRODUCT_NAME = "$(TARGET_NAME)";
				SUPPORTED_PLATFORMS = "iphoneos iphonesimulator";
				SUPPORTS_MACCATALYST = NO;
				SUPPORTS_MAC_DESIGNED_FOR_IPHONE_IPAD = NO;
				SUPPORTS_XR_DESIGNED_FOR_IPHONE_IPAD = NO;
				SWIFT_EMIT_LOC_STRINGS = YES;
				SWIFT_VERSION = 5.0;
				TARGETED_DEVICE_FAMILY = 1;
			};
			name = Release;
		};
		9852A6302CEBBBE0000C2A15 /* Debug */ = {
			isa = XCBuildConfiguration;
			buildSettings = {
				BUNDLE_LOADER = "$(TEST_HOST)";
				CODE_SIGN_STYLE = Automatic;
				CURRENT_PROJECT_VERSION = 1;
				DEVELOPMENT_TEAM = 8SY2D3V664;
				GENERATE_INFOPLIST_FILE = YES;
				IPHONEOS_DEPLOYMENT_TARGET = 16.4;
				MARKETING_VERSION = 1.0;
				PRODUCT_BUNDLE_IDENTIFIER = "PaldinCaveDivingGroup.cave-mapperTests";
				PRODUCT_NAME = "$(TARGET_NAME)";
				SWIFT_EMIT_LOC_STRINGS = NO;
				SWIFT_VERSION = 5.0;
				TARGETED_DEVICE_FAMILY = "1,2";
				TEST_HOST = "$(BUILT_PRODUCTS_DIR)/cave-mapper.app/$(BUNDLE_EXECUTABLE_FOLDER_PATH)/cave-mapper";
			};
			name = Debug;
		};
		9852A6312CEBBBE0000C2A15 /* Release */ = {
			isa = XCBuildConfiguration;
			buildSettings = {
				BUNDLE_LOADER = "$(TEST_HOST)";
				CODE_SIGN_STYLE = Automatic;
				CURRENT_PROJECT_VERSION = 1;
				DEVELOPMENT_TEAM = 8SY2D3V664;
				GENERATE_INFOPLIST_FILE = YES;
				IPHONEOS_DEPLOYMENT_TARGET = 16.4;
				MARKETING_VERSION = 1.0;
				PRODUCT_BUNDLE_IDENTIFIER = "PaldinCaveDivingGroup.cave-mapperTests";
				PRODUCT_NAME = "$(TARGET_NAME)";
				SWIFT_EMIT_LOC_STRINGS = NO;
				SWIFT_VERSION = 5.0;
				TARGETED_DEVICE_FAMILY = "1,2";
				TEST_HOST = "$(BUILT_PRODUCTS_DIR)/cave-mapper.app/$(BUNDLE_EXECUTABLE_FOLDER_PATH)/cave-mapper";
			};
			name = Release;
		};
		9852A6332CEBBBE0000C2A15 /* Debug */ = {
			isa = XCBuildConfiguration;
			buildSettings = {
				CODE_SIGN_STYLE = Automatic;
				CURRENT_PROJECT_VERSION = 1;
				DEVELOPMENT_TEAM = 8SY2D3V664;
				GENERATE_INFOPLIST_FILE = YES;
				MARKETING_VERSION = 1.0;
				PRODUCT_BUNDLE_IDENTIFIER = "PaldinCaveDivingGroup.cave-mapperUITests";
				PRODUCT_NAME = "$(TARGET_NAME)";
				SWIFT_EMIT_LOC_STRINGS = NO;
				SWIFT_VERSION = 5.0;
				TARGETED_DEVICE_FAMILY = "1,2";
				TEST_TARGET_NAME = "cave-mapper";
			};
			name = Debug;
		};
		9852A6342CEBBBE0000C2A15 /* Release */ = {
			isa = XCBuildConfiguration;
			buildSettings = {
				CODE_SIGN_STYLE = Automatic;
				CURRENT_PROJECT_VERSION = 1;
				DEVELOPMENT_TEAM = 8SY2D3V664;
				GENERATE_INFOPLIST_FILE = YES;
				MARKETING_VERSION = 1.0;
				PRODUCT_BUNDLE_IDENTIFIER = "PaldinCaveDivingGroup.cave-mapperUITests";
				PRODUCT_NAME = "$(TARGET_NAME)";
				SWIFT_EMIT_LOC_STRINGS = NO;
				SWIFT_VERSION = 5.0;
				TARGETED_DEVICE_FAMILY = "1,2";
				TEST_TARGET_NAME = "cave-mapper";
			};
			name = Release;
		};
/* End XCBuildConfiguration section */

/* Begin XCConfigurationList section */
		9852A6032CEBBBDF000C2A15 /* Build configuration list for PBXProject "cave-mapper" */ = {
			isa = XCConfigurationList;
			buildConfigurations = (
				9852A62A2CEBBBE0000C2A15 /* Debug */,
				9852A62B2CEBBBE0000C2A15 /* Release */,
			);
			defaultConfigurationIsVisible = 0;
			defaultConfigurationName = Release;
		};
		9852A62C2CEBBBE0000C2A15 /* Build configuration list for PBXNativeTarget "cave-mapper" */ = {
			isa = XCConfigurationList;
			buildConfigurations = (
				9852A62D2CEBBBE0000C2A15 /* Debug */,
				9852A62E2CEBBBE0000C2A15 /* Release */,
			);
			defaultConfigurationIsVisible = 0;
			defaultConfigurationName = Release;
		};
		9852A62F2CEBBBE0000C2A15 /* Build configuration list for PBXNativeTarget "cave-mapperTests" */ = {
			isa = XCConfigurationList;
			buildConfigurations = (
				9852A6302CEBBBE0000C2A15 /* Debug */,
				9852A6312CEBBBE0000C2A15 /* Release */,
			);
			defaultConfigurationIsVisible = 0;
			defaultConfigurationName = Release;
		};
		9852A6322CEBBBE0000C2A15 /* Build configuration list for PBXNativeTarget "cave-mapperUITests" */ = {
			isa = XCConfigurationList;
			buildConfigurations = (
				9852A6332CEBBBE0000C2A15 /* Debug */,
				9852A6342CEBBBE0000C2A15 /* Release */,
			);
			defaultConfigurationIsVisible = 0;
			defaultConfigurationName = Release;
		};
/* End XCConfigurationList section */
	};
	rootObject = 9852A6002CEBBBDF000C2A15 /* Project object */;
}
